version: 1.0
shards:
  jwt:
    github: greyblake/crystal-jwt
    version: 0.1.1

  kemal:
    github: sdogruyol/kemal
    version: 0.14.1

  kemal-pg:
    github: sdogruyol/kemal-pg
    commit: 2b13249a5fd92f8806ec1dc1d037b9622709d4c2

  kilt:
    github: jeromegn/kilt
    version: 0.3.3

  pg:
    github: will/crystal-pg
    commit: cafe74083faacb8aedd7097e768504fa7b0a7d57

  pool:
    github: ysbaddaden/pool
    commit: c4ecfad1b87fbd8c6484d1fd536ccfd14c40cc94

  radix:
    github: luislavena/radix
    version: 0.3.0

