version: 1.0
shards:
  jwt:
    github: greyblake/crystal-jwt
    version: 0.1.1

  kemal:
    github: sdogruyol/kemal
    version: 0.13.0

  kilt:
    github: jeromegn/kilt
    version: 0.3.3

  pg:
    github: will/crystal-pg
    version: 0.8.0

  radix:
    github: luislavena/radix
    version: 0.3.0

